
Microsoft Visual Studio Solution File, Format Version 12.00
# Visual Studio Version 17
VisualStudioVersion = 17.4.33110.190
MinimumVisualStudioVersion = 10.0.40219.1
Project("{9A19103F-16F7-4668-BE54-9A1E7A4F7556}") = "AdventOfCode", "src\AdventOfCode\AdventOfCode.csproj", "{80BD9E1A-F2D4-4F63-9DB3-7044649CF17C}"
EndProject
Project("{2150E333-8FDC-42A3-9474-1A3956D46DE8}") = "Solution Items", "Solution Items", "{B0143299-4C8A-4AD3-BCE4-7EBB41B6E55E}"
	ProjectSection(SolutionItems) = preProject
		.gitignore = .gitignore
		LICENSE = LICENSE
		README.md = README.md
	EndProjectSection
EndProject
Global
	GlobalSection(SolutionConfigurationPlatforms) = preSolution
		Debug|Any CPU = Debug|Any CPU
		Release|Any CPU = Release|Any CPU
	EndGlobalSection
	GlobalSection(ProjectConfigurationPlatforms) = postSolution
		{80BD9E1A-F2D4-4F63-9DB3-7044649CF17C}.Debug|Any CPU.ActiveCfg = Debug|Any CPU
		{80BD9E1A-F2D4-4F63-9DB3-7044649CF17C}.Debug|Any CPU.Build.0 = Debug|Any CPU
		{80BD9E1A-F2D4-4F63-9DB3-7044649CF17C}.Release|Any CPU.ActiveCfg = Release|Any CPU
		{80BD9E1A-F2D4-4F63-9DB3-7044649CF17C}.Release|Any CPU.Build.0 = Release|Any CPU
	EndGlobalSection
	GlobalSection(SolutionProperties) = preSolution
		HideSolutionNode = FALSE
	EndGlobalSection
	GlobalSection(ExtensibilityGlobals) = postSolution
		SolutionGuid = {B67B4698-BF17-4C53-B5AC-900591FA40BB}
	EndGlobalSection
EndGlobal
